
Microsoft Visual Studio Solution File, Format Version 12.00
# Visual Studio Version 17
VisualStudioVersion = 17.10.35122.118
MinimumVisualStudioVersion = 10.0.40219.1
Project("{FAE04EC0-301F-11D3-BF4B-00C04F79EFBC}") = "TccForum", "TccForum\TccForum.csproj", "{E02C6814-BAB1-480B-AFD1-8AAE1468D6AE}"
EndProject
Global
	GlobalSection(SolutionConfigurationPlatforms) = preSolution
		Debug|Any CPU = Debug|Any CPU
		Release|Any CPU = Release|Any CPU
	EndGlobalSection
	GlobalSection(ProjectConfigurationPlatforms) = postSolution
		{E02C6814-BAB1-480B-AFD1-8AAE1468D6AE}.Debug|Any CPU.ActiveCfg = Debug|Any CPU
		{E02C6814-BAB1-480B-AFD1-8AAE1468D6AE}.Debug|Any CPU.Build.0 = Debug|Any CPU
		{E02C6814-BAB1-480B-AFD1-8AAE1468D6AE}.Release|Any CPU.ActiveCfg = Release|Any CPU
		{E02C6814-BAB1-480B-AFD1-8AAE1468D6AE}.Release|Any CPU.Build.0 = Release|Any CPU
	EndGlobalSection
	GlobalSection(SolutionProperties) = preSolution
		HideSolutionNode = FALSE
	EndGlobalSection
	GlobalSection(ExtensibilityGlobals) = postSolution
		SolutionGuid = {4BCB5E1C-FA8C-4E50-8AE6-06D3922FDAA4}
	EndGlobalSection
EndGlobal
